
Microsoft Visual Studio Solution File, Format Version 12.00
# Visual Studio Version 17
VisualStudioVersion = 17.1.32210.238
MinimumVisualStudioVersion = 10.0.40219.1
Project("{FAE04EC0-301F-11D3-BF4B-00C04F79EFBC}") = "CSReactResume", "CSReactResume.csproj", "{ED9AA390-26AC-4956-93EB-0B41CD911694}"
EndProject
Global
	GlobalSection(SolutionConfigurationPlatforms) = preSolution
		Debug|Any CPU = Debug|Any CPU
		Release|Any CPU = Release|Any CPU
	EndGlobalSection
	GlobalSection(ProjectConfigurationPlatforms) = postSolution
		{ED9AA390-26AC-4956-93EB-0B41CD911694}.Debug|Any CPU.ActiveCfg = Debug|Any CPU
		{ED9AA390-26AC-4956-93EB-0B41CD911694}.Debug|Any CPU.Build.0 = Debug|Any CPU
		{ED9AA390-26AC-4956-93EB-0B41CD911694}.Release|Any CPU.ActiveCfg = Release|Any CPU
		{ED9AA390-26AC-4956-93EB-0B41CD911694}.Release|Any CPU.Build.0 = Release|Any CPU
	EndGlobalSection
	GlobalSection(SolutionProperties) = preSolution
		HideSolutionNode = FALSE
	EndGlobalSection
	GlobalSection(ExtensibilityGlobals) = postSolution
		SolutionGuid = {39519113-22AA-41CC-B5C3-5E31F60DC0DD}
	EndGlobalSection
EndGlobal
